
Microsoft Visual Studio Solution File, Format Version 12.00
# Visual Studio Version 17
VisualStudioVersion = 17.8.34511.84
MinimumVisualStudioVersion = 10.0.40219.1
Project("{9A19103F-16F7-4668-BE54-9A1E7A4F7556}") = "ConsoleHttpClient2feb2024", "ConsoleHttpClient2feb2024\ConsoleHttpClient2feb2024.csproj", "{8C067751-F40E-4E25-A4A0-AEBCB8D98193}"
EndProject
Project("{9A19103F-16F7-4668-BE54-9A1E7A4F7556}") = "ConsoleHttpClient3feb2024", "ConsoleHttpClient3feb2024\ConsoleHttpClient3feb2024.csproj", "{E64A25A1-B6EA-47F0-85C4-DD3A99DF1A56}"
EndProject
Project("{9A19103F-16F7-4668-BE54-9A1E7A4F7556}") = "ConsoleHttpClient4feb2024", "ConsoleHttpClient4feb2024\ConsoleHttpClient4feb2024.csproj", "{1A2AF390-A34E-4F97-88EC-DA419A96899F}"
EndProject
Project("{9A19103F-16F7-4668-BE54-9A1E7A4F7556}") = "ConsoleHttpClient5feb2024", "ConsoleHttpClient5feb2024\ConsoleHttpClient5feb2024.csproj", "{5D581501-5B7B-4338-8368-D0BA9A2B3F74}"
EndProject
Project("{9A19103F-16F7-4668-BE54-9A1E7A4F7556}") = "ConsoleHttpClient6feb2024", "ConsoleHttpClient6feb2024\ConsoleHttpClient6feb2024.csproj", "{6BE7588C-D7D7-4E52-9F4B-5CCB64D04BD8}"
EndProject
Project("{9A19103F-16F7-4668-BE54-9A1E7A4F7556}") = "ConsoleHttpClient7feb2024", "ConsoleHttpClient7feb2024\ConsoleHttpClient7feb2024.csproj", "{3051AF83-24EF-47CA-B084-97E31F09AF92}"
EndProject
Project("{9A19103F-16F7-4668-BE54-9A1E7A4F7556}") = "ConsoleHttpClient8feb2024", "ConsoleHttpClient8feb2024\ConsoleHttpClient8feb2024.csproj", "{95552FA9-5345-4CAC-B730-548884AF788E}"
EndProject
Project("{9A19103F-16F7-4668-BE54-9A1E7A4F7556}") = "ConsoleHttpClientDictionary9feb2024", "ConsoleHttpClientDictionary9feb2024\ConsoleHttpClientDictionary9feb2024.csproj", "{8D47FB2C-3224-4D00-8A6E-63906FD5C96B}"
EndProject
Project("{9A19103F-16F7-4668-BE54-9A1E7A4F7556}") = "ConsoleHttpClientSynonyms9feb2024", "ConsoleHttpClientSynonyms9feb2024\ConsoleHttpClientSynonyms9feb2024.csproj", "{4C7A80F1-CE0C-49DF-A628-C1002FFD4DB5}"
EndProject
Project("{9A19103F-16F7-4668-BE54-9A1E7A4F7556}") = "ConsoleHttpClientFacts9feb2024", "ConsoleHttpClientFacts9feb2024\ConsoleHttpClientFacts9feb2024.csproj", "{BEEFF774-3822-47BA-8A26-2F8B780EF913}"
EndProject
Project("{9A19103F-16F7-4668-BE54-9A1E7A4F7556}") = "ConsoleHttpClientDisney9feb2024", "ConsoleHttpClientDisney9feb2024\ConsoleHttpClientDisney9feb2024.csproj", "{04F8975B-0AA3-46D1-89E5-EA2828E9176F}"
EndProject
Project("{9A19103F-16F7-4668-BE54-9A1E7A4F7556}") = "ConsoleHttpClientJokes9feb2024", "ConsoleHttpClientJokes9feb2024\ConsoleHttpClientJokes9feb2024.csproj", "{412264B6-1262-42BE-A15A-39D11615307C}"
EndProject
Project("{9A19103F-16F7-4668-BE54-9A1E7A4F7556}") = "ConsoleHttpClientArxiv9feb2024", "ConsoleHttpClientArxiv9feb2024\ConsoleHttpClientArxiv9feb2024.csproj", "{604389F8-5BB4-47F2-8D8C-26679F1D5CB6}"
EndProject
Project("{9A19103F-16F7-4668-BE54-9A1E7A4F7556}") = "ConsoleHttpClientArchive9feb2024", "ConsoleHttpClientArchive9feb2024\ConsoleHttpClientArchive9feb2024.csproj", "{01E9CA60-3868-4B6F-A31E-DF23632481D0}"
EndProject
Project("{9A19103F-16F7-4668-BE54-9A1E7A4F7556}") = "ConsoleHttpClientLoripsum1feb2024", "ConsoleHttpClientLoripsum1feb2024\ConsoleHttpClientLoripsum1feb2024.csproj", "{1AFDFD9B-1DC9-4797-9EB6-1308EE16E9D6}"
EndProject
Project("{9A19103F-16F7-4668-BE54-9A1E7A4F7556}") = "ConsoleHttpClientTheCatApi9feb2024", "ConsoleHttpClientTheCatApi9feb2024\ConsoleHttpClientTheCatApi9feb2024.csproj", "{5991AAC4-F1F3-4AA0-BF38-030E09AB5B8B}"
EndProject
Project("{9A19103F-16F7-4668-BE54-9A1E7A4F7556}") = "ConsoleHttpClientDisney16may2024", "ConsoleHttpClientDisney16may2024\ConsoleHttpClientDisney16may2024.csproj", "{7DDA2043-F3EB-4002-90ED-FDFED7F03A1E}"
EndProject
Project("{9A19103F-16F7-4668-BE54-9A1E7A4F7556}") = "ConsoleHttpClientDisney17may2024", "ConsoleHttpClientDisney17may2024\ConsoleHttpClientDisney17may2024.csproj", "{C42CA650-2C03-4683-9890-BF2554744311}"
EndProject
Project("{9A19103F-16F7-4668-BE54-9A1E7A4F7556}") = "ConsoleHttpClientArchive16may2024", "ConsoleHttpClientArchive16may2024\ConsoleHttpClientArchive16may2024.csproj", "{5E66E4A6-EB8A-421E-A3AA-4C5A9408CA17}"
EndProject
Project("{9A19103F-16F7-4668-BE54-9A1E7A4F7556}") = "ConsoleHttpClientArchive17may2024", "ConsoleHttpClientArchive17may2024\ConsoleHttpClientArchive17may2024.csproj", "{C345D558-6378-4D8E-8EC7-3658BA3C4785}"
EndProject
Project("{9A19103F-16F7-4668-BE54-9A1E7A4F7556}") = "ConsoleHttpClientArxiv16may2024", "ConsoleHttpClientArxiv16may2024\ConsoleHttpClientArxiv16may2024.csproj", "{865DB7AF-2B5C-42FD-A1A7-AD71E66921E0}"
EndProject
Project("{9A19103F-16F7-4668-BE54-9A1E7A4F7556}") = "ConsoleHttpClientDictionary17may2024", "ConsoleHttpClientDictionary17may2024\ConsoleHttpClientDictionary17may2024.csproj", "{67B24370-FB04-40A7-BDD4-4082CF5B150D}"
EndProject
Project("{9A19103F-16F7-4668-BE54-9A1E7A4F7556}") = "ConsoleHttpClientDictionary18may2024", "ConsoleHttpClientDictionary18may2024\ConsoleHttpClientDictionary18may2024.csproj", "{356EB572-A6C4-4234-97AD-34ACC2863491}"
EndProject
Project("{9A19103F-16F7-4668-BE54-9A1E7A4F7556}") = "ConsoleHttpClientDisney18may2024", "ConsoleHttpClientDisney18may2024\ConsoleHttpClientDisney18may2024.csproj", "{212B0C08-58B4-43E4-9CE3-401E5E3A9EC8}"
EndProject
Project("{9A19103F-16F7-4668-BE54-9A1E7A4F7556}") = "ConsoleHttpClientArxiv21may2024", "ConsoleHttpClientArxiv21may2024\ConsoleHttpClientArxiv21may2024.csproj", "{526CC549-ED07-4356-B7A5-1460ACB04641}"
EndProject
Project("{9A19103F-16F7-4668-BE54-9A1E7A4F7556}") = "ConsoleHttpClientArxiv22may2024", "ConsoleHttpClientArxiv22may2024\ConsoleHttpClientArxiv22may2024.csproj", "{51A6F2C3-F444-4824-86D6-8F981561C5B6}"
EndProject
Project("{9A19103F-16F7-4668-BE54-9A1E7A4F7556}") = "ConsoleHttpClientDictionary24may2024", "ConsoleHttpClientDictionary24may2024\ConsoleHttpClientDictionary24may2024.csproj", "{B77CD86C-6359-481D-9280-982DBE25CDD1}"
EndProject
Project("{9A19103F-16F7-4668-BE54-9A1E7A4F7556}") = "LibraryDatabaseDictionary25may2024", "LibraryDatabaseDictionary25may2024\LibraryDatabaseDictionary25may2024.csproj", "{421523BC-5273-49E4-B76B-720B416FDFDF}"
EndProject
Project("{9A19103F-16F7-4668-BE54-9A1E7A4F7556}") = "ConsoleDictionary25may2024", "ConsoleDictionary25may2024\ConsoleDictionary25may2024.csproj", "{8329C49B-0F2F-4D22-990A-35CEE01C40BD}"
EndProject
Project("{9A19103F-16F7-4668-BE54-9A1E7A4F7556}") = "ConsoleHttpClientDictionary25may2024", "ConsoleHttpClientDictionary25may2024\ConsoleHttpClientDictionary25may2024.csproj", "{DF9BC8D2-B99E-4475-8F8D-2F70F33264B7}"
EndProject
Project("{9A19103F-16F7-4668-BE54-9A1E7A4F7556}") = "ConsoleDictionary26may2024", "ConsoleDictionary26may2024\ConsoleDictionary26may2024.csproj", "{F03B6D8F-669D-45E4-A86A-50955CCF9506}"
EndProject
Project("{9A19103F-16F7-4668-BE54-9A1E7A4F7556}") = "LibraryHttpClientDictionary26may2024", "LibraryHttpClientDictionary26may2024\LibraryHttpClientDictionary26may2024.csproj", "{036EFF29-1106-4C4B-8D71-279E2B6CB348}"
EndProject
Project("{9A19103F-16F7-4668-BE54-9A1E7A4F7556}") = "ConsoleHttpClientDictionary26may2024", "ConsoleHttpClientDictionary26may2024\ConsoleHttpClientDictionary26may2024.csproj", "{2F00BB8F-00B2-47CB-BF44-FF5FB987FB04}"
EndProject
Project("{9A19103F-16F7-4668-BE54-9A1E7A4F7556}") = "ConsoleHttpClientArxiv23may2024", "ConsoleHttpClientArxiv23may2024\ConsoleHttpClientArxiv23may2024.csproj", "{7A44B529-AC00-4699-968A-2A060BFA905F}"
EndProject
Project("{9A19103F-16F7-4668-BE54-9A1E7A4F7556}") = "ConsoleArxiv23may2024", "ConsoleArxiv23may2024\ConsoleArxiv23may2024.csproj", "{9A9744FA-2FDD-4004-B2A4-955A64C5845A}"
EndProject
Project("{9A19103F-16F7-4668-BE54-9A1E7A4F7556}") = "LibraryArxiv24may2024", "LibraryArxiv24may2024\LibraryArxiv24may2024.csproj", "{4272CC6F-A7BB-4A06-BFA6-576D0489848F}"
EndProject
Project("{9A19103F-16F7-4668-BE54-9A1E7A4F7556}") = "LibraryHttpClientArxiv24may2024", "LibraryHttpClientArxiv24may2024\LibraryHttpClientArxiv24may2024.csproj", "{1E3D939D-15A5-4734-98BA-FF9E79018472}"
EndProject
Project("{9A19103F-16F7-4668-BE54-9A1E7A4F7556}") = "ConsoleHttpClientArxiv24may2024", "ConsoleHttpClientArxiv24may2024\ConsoleHttpClientArxiv24may2024.csproj", "{EA91D844-AF1C-4DA4-8310-941EC6B511DF}"
EndProject
Project("{9A19103F-16F7-4668-BE54-9A1E7A4F7556}") = "ConsoleArxiv24may2024", "ConsoleArxiv24may2024\ConsoleArxiv24may2024.csproj", "{47C1F71A-95AC-4196-B724-09D17185CCDF}"
EndProject
Project("{9A19103F-16F7-4668-BE54-9A1E7A4F7556}") = "ConsoleHttpClientArxiv25may2024", "ConsoleHttpClientArxiv25may2024\ConsoleHttpClientArxiv25may2024.csproj", "{6030E6FF-E60D-4B38-94E9-C1D901DAFDC9}"
EndProject
Project("{9A19103F-16F7-4668-BE54-9A1E7A4F7556}") = "ConsoleHttpClientArxiv26may2024", "ConsoleHttpClientArxiv26may2024\ConsoleHttpClientArxiv26may2024.csproj", "{AEFC91C9-8FBD-4C37-BFEC-A69BD2AD905D}"
EndProject
Project("{9A19103F-16F7-4668-BE54-9A1E7A4F7556}") = "ConsoleHttpClientArxiv27may2024", "ConsoleHttpClientArxiv27may2024\ConsoleHttpClientArxiv27may2024.csproj", "{2904FE06-B2AB-4D58-89EA-E4CD5D5B03D8}"
EndProject
Project("{9A19103F-16F7-4668-BE54-9A1E7A4F7556}") = "ConsoleHttpClientArxiv28may2024", "ConsoleHttpClientArxiv28may2024\ConsoleHttpClientArxiv28may2024.csproj", "{E6E5524A-8CB4-456B-8EA5-C8CF83309CD5}"
EndProject
Project("{FAE04EC0-301F-11D3-BF4B-00C04F79EFBC}") = "ConsoleHttpClientDictionary27may2024", "ConsoleHttpClientDictionary27may2024\ConsoleHttpClientDictionary27may2024.csproj", "{2E2FF4B4-A954-4B1A-8EC9-645285523997}"
EndProject
Global
	GlobalSection(SolutionConfigurationPlatforms) = preSolution
		Debug|Any CPU = Debug|Any CPU
		Release|Any CPU = Release|Any CPU
	EndGlobalSection
	GlobalSection(ProjectConfigurationPlatforms) = postSolution
		{8C067751-F40E-4E25-A4A0-AEBCB8D98193}.Debug|Any CPU.ActiveCfg = Debug|Any CPU
		{8C067751-F40E-4E25-A4A0-AEBCB8D98193}.Debug|Any CPU.Build.0 = Debug|Any CPU
		{8C067751-F40E-4E25-A4A0-AEBCB8D98193}.Release|Any CPU.ActiveCfg = Release|Any CPU
		{8C067751-F40E-4E25-A4A0-AEBCB8D98193}.Release|Any CPU.Build.0 = Release|Any CPU
		{E64A25A1-B6EA-47F0-85C4-DD3A99DF1A56}.Debug|Any CPU.ActiveCfg = Debug|Any CPU
		{E64A25A1-B6EA-47F0-85C4-DD3A99DF1A56}.Debug|Any CPU.Build.0 = Debug|Any CPU
		{E64A25A1-B6EA-47F0-85C4-DD3A99DF1A56}.Release|Any CPU.ActiveCfg = Release|Any CPU
		{E64A25A1-B6EA-47F0-85C4-DD3A99DF1A56}.Release|Any CPU.Build.0 = Release|Any CPU
		{1A2AF390-A34E-4F97-88EC-DA419A96899F}.Debug|Any CPU.ActiveCfg = Debug|Any CPU
		{1A2AF390-A34E-4F97-88EC-DA419A96899F}.Debug|Any CPU.Build.0 = Debug|Any CPU
		{1A2AF390-A34E-4F97-88EC-DA419A96899F}.Release|Any CPU.ActiveCfg = Release|Any CPU
		{1A2AF390-A34E-4F97-88EC-DA419A96899F}.Release|Any CPU.Build.0 = Release|Any CPU
		{5D581501-5B7B-4338-8368-D0BA9A2B3F74}.Debug|Any CPU.ActiveCfg = Debug|Any CPU
		{5D581501-5B7B-4338-8368-D0BA9A2B3F74}.Debug|Any CPU.Build.0 = Debug|Any CPU
		{5D581501-5B7B-4338-8368-D0BA9A2B3F74}.Release|Any CPU.ActiveCfg = Release|Any CPU
		{5D581501-5B7B-4338-8368-D0BA9A2B3F74}.Release|Any CPU.Build.0 = Release|Any CPU
		{6BE7588C-D7D7-4E52-9F4B-5CCB64D04BD8}.Debug|Any CPU.ActiveCfg = Debug|Any CPU
		{6BE7588C-D7D7-4E52-9F4B-5CCB64D04BD8}.Debug|Any CPU.Build.0 = Debug|Any CPU
		{6BE7588C-D7D7-4E52-9F4B-5CCB64D04BD8}.Release|Any CPU.ActiveCfg = Release|Any CPU
		{6BE7588C-D7D7-4E52-9F4B-5CCB64D04BD8}.Release|Any CPU.Build.0 = Release|Any CPU
		{3051AF83-24EF-47CA-B084-97E31F09AF92}.Debug|Any CPU.ActiveCfg = Debug|Any CPU
		{3051AF83-24EF-47CA-B084-97E31F09AF92}.Debug|Any CPU.Build.0 = Debug|Any CPU
		{3051AF83-24EF-47CA-B084-97E31F09AF92}.Release|Any CPU.ActiveCfg = Release|Any CPU
		{3051AF83-24EF-47CA-B084-97E31F09AF92}.Release|Any CPU.Build.0 = Release|Any CPU
		{95552FA9-5345-4CAC-B730-548884AF788E}.Debug|Any CPU.ActiveCfg = Debug|Any CPU
		{95552FA9-5345-4CAC-B730-548884AF788E}.Debug|Any CPU.Build.0 = Debug|Any CPU
		{95552FA9-5345-4CAC-B730-548884AF788E}.Release|Any CPU.ActiveCfg = Release|Any CPU
		{95552FA9-5345-4CAC-B730-548884AF788E}.Release|Any CPU.Build.0 = Release|Any CPU
		{8D47FB2C-3224-4D00-8A6E-63906FD5C96B}.Debug|Any CPU.ActiveCfg = Debug|Any CPU
		{8D47FB2C-3224-4D00-8A6E-63906FD5C96B}.Debug|Any CPU.Build.0 = Debug|Any CPU
		{8D47FB2C-3224-4D00-8A6E-63906FD5C96B}.Release|Any CPU.ActiveCfg = Release|Any CPU
		{8D47FB2C-3224-4D00-8A6E-63906FD5C96B}.Release|Any CPU.Build.0 = Release|Any CPU
		{4C7A80F1-CE0C-49DF-A628-C1002FFD4DB5}.Debug|Any CPU.ActiveCfg = Debug|Any CPU
		{4C7A80F1-CE0C-49DF-A628-C1002FFD4DB5}.Debug|Any CPU.Build.0 = Debug|Any CPU
		{4C7A80F1-CE0C-49DF-A628-C1002FFD4DB5}.Release|Any CPU.ActiveCfg = Release|Any CPU
		{4C7A80F1-CE0C-49DF-A628-C1002FFD4DB5}.Release|Any CPU.Build.0 = Release|Any CPU
		{BEEFF774-3822-47BA-8A26-2F8B780EF913}.Debug|Any CPU.ActiveCfg = Debug|Any CPU
		{BEEFF774-3822-47BA-8A26-2F8B780EF913}.Debug|Any CPU.Build.0 = Debug|Any CPU
		{BEEFF774-3822-47BA-8A26-2F8B780EF913}.Release|Any CPU.ActiveCfg = Release|Any CPU
		{BEEFF774-3822-47BA-8A26-2F8B780EF913}.Release|Any CPU.Build.0 = Release|Any CPU
		{04F8975B-0AA3-46D1-89E5-EA2828E9176F}.Debug|Any CPU.ActiveCfg = Debug|Any CPU
		{04F8975B-0AA3-46D1-89E5-EA2828E9176F}.Debug|Any CPU.Build.0 = Debug|Any CPU
		{04F8975B-0AA3-46D1-89E5-EA2828E9176F}.Release|Any CPU.ActiveCfg = Release|Any CPU
		{04F8975B-0AA3-46D1-89E5-EA2828E9176F}.Release|Any CPU.Build.0 = Release|Any CPU
		{412264B6-1262-42BE-A15A-39D11615307C}.Debug|Any CPU.ActiveCfg = Debug|Any CPU
		{412264B6-1262-42BE-A15A-39D11615307C}.Debug|Any CPU.Build.0 = Debug|Any CPU
		{412264B6-1262-42BE-A15A-39D11615307C}.Release|Any CPU.ActiveCfg = Release|Any CPU
		{412264B6-1262-42BE-A15A-39D11615307C}.Release|Any CPU.Build.0 = Release|Any CPU
		{604389F8-5BB4-47F2-8D8C-26679F1D5CB6}.Debug|Any CPU.ActiveCfg = Debug|Any CPU
		{604389F8-5BB4-47F2-8D8C-26679F1D5CB6}.Debug|Any CPU.Build.0 = Debug|Any CPU
		{604389F8-5BB4-47F2-8D8C-26679F1D5CB6}.Release|Any CPU.ActiveCfg = Release|Any CPU
		{604389F8-5BB4-47F2-8D8C-26679F1D5CB6}.Release|Any CPU.Build.0 = Release|Any CPU
		{01E9CA60-3868-4B6F-A31E-DF23632481D0}.Debug|Any CPU.ActiveCfg = Debug|Any CPU
		{01E9CA60-3868-4B6F-A31E-DF23632481D0}.Debug|Any CPU.Build.0 = Debug|Any CPU
		{01E9CA60-3868-4B6F-A31E-DF23632481D0}.Release|Any CPU.ActiveCfg = Release|Any CPU
		{01E9CA60-3868-4B6F-A31E-DF23632481D0}.Release|Any CPU.Build.0 = Release|Any CPU
		{1AFDFD9B-1DC9-4797-9EB6-1308EE16E9D6}.Debug|Any CPU.ActiveCfg = Debug|Any CPU
		{1AFDFD9B-1DC9-4797-9EB6-1308EE16E9D6}.Debug|Any CPU.Build.0 = Debug|Any CPU
		{1AFDFD9B-1DC9-4797-9EB6-1308EE16E9D6}.Release|Any CPU.ActiveCfg = Release|Any CPU
		{1AFDFD9B-1DC9-4797-9EB6-1308EE16E9D6}.Release|Any CPU.Build.0 = Release|Any CPU
		{5991AAC4-F1F3-4AA0-BF38-030E09AB5B8B}.Debug|Any CPU.ActiveCfg = Debug|Any CPU
		{5991AAC4-F1F3-4AA0-BF38-030E09AB5B8B}.Debug|Any CPU.Build.0 = Debug|Any CPU
		{5991AAC4-F1F3-4AA0-BF38-030E09AB5B8B}.Release|Any CPU.ActiveCfg = Release|Any CPU
		{5991AAC4-F1F3-4AA0-BF38-030E09AB5B8B}.Release|Any CPU.Build.0 = Release|Any CPU
		{7DDA2043-F3EB-4002-90ED-FDFED7F03A1E}.Debug|Any CPU.ActiveCfg = Debug|Any CPU
		{7DDA2043-F3EB-4002-90ED-FDFED7F03A1E}.Debug|Any CPU.Build.0 = Debug|Any CPU
		{7DDA2043-F3EB-4002-90ED-FDFED7F03A1E}.Release|Any CPU.ActiveCfg = Release|Any CPU
		{7DDA2043-F3EB-4002-90ED-FDFED7F03A1E}.Release|Any CPU.Build.0 = Release|Any CPU
		{C42CA650-2C03-4683-9890-BF2554744311}.Debug|Any CPU.ActiveCfg = Debug|Any CPU
		{C42CA650-2C03-4683-9890-BF2554744311}.Debug|Any CPU.Build.0 = Debug|Any CPU
		{C42CA650-2C03-4683-9890-BF2554744311}.Release|Any CPU.ActiveCfg = Release|Any CPU
		{C42CA650-2C03-4683-9890-BF2554744311}.Release|Any CPU.Build.0 = Release|Any CPU
		{5E66E4A6-EB8A-421E-A3AA-4C5A9408CA17}.Debug|Any CPU.ActiveCfg = Debug|Any CPU
		{5E66E4A6-EB8A-421E-A3AA-4C5A9408CA17}.Debug|Any CPU.Build.0 = Debug|Any CPU
		{5E66E4A6-EB8A-421E-A3AA-4C5A9408CA17}.Release|Any CPU.ActiveCfg = Release|Any CPU
		{5E66E4A6-EB8A-421E-A3AA-4C5A9408CA17}.Release|Any CPU.Build.0 = Release|Any CPU
		{C345D558-6378-4D8E-8EC7-3658BA3C4785}.Debug|Any CPU.ActiveCfg = Debug|Any CPU
		{C345D558-6378-4D8E-8EC7-3658BA3C4785}.Debug|Any CPU.Build.0 = Debug|Any CPU
		{C345D558-6378-4D8E-8EC7-3658BA3C4785}.Release|Any CPU.ActiveCfg = Release|Any CPU
		{C345D558-6378-4D8E-8EC7-3658BA3C4785}.Release|Any CPU.Build.0 = Release|Any CPU
		{865DB7AF-2B5C-42FD-A1A7-AD71E66921E0}.Debug|Any CPU.ActiveCfg = Debug|Any CPU
		{865DB7AF-2B5C-42FD-A1A7-AD71E66921E0}.Debug|Any CPU.Build.0 = Debug|Any CPU
		{865DB7AF-2B5C-42FD-A1A7-AD71E66921E0}.Release|Any CPU.ActiveCfg = Release|Any CPU
		{865DB7AF-2B5C-42FD-A1A7-AD71E66921E0}.Release|Any CPU.Build.0 = Release|Any CPU
		{67B24370-FB04-40A7-BDD4-4082CF5B150D}.Debug|Any CPU.ActiveCfg = Debug|Any CPU
		{67B24370-FB04-40A7-BDD4-4082CF5B150D}.Debug|Any CPU.Build.0 = Debug|Any CPU
		{67B24370-FB04-40A7-BDD4-4082CF5B150D}.Release|Any CPU.ActiveCfg = Release|Any CPU
		{67B24370-FB04-40A7-BDD4-4082CF5B150D}.Release|Any CPU.Build.0 = Release|Any CPU
		{356EB572-A6C4-4234-97AD-34ACC2863491}.Debug|Any CPU.ActiveCfg = Debug|Any CPU
		{356EB572-A6C4-4234-97AD-34ACC2863491}.Debug|Any CPU.Build.0 = Debug|Any CPU
		{356EB572-A6C4-4234-97AD-34ACC2863491}.Release|Any CPU.ActiveCfg = Release|Any CPU
		{356EB572-A6C4-4234-97AD-34ACC2863491}.Release|Any CPU.Build.0 = Release|Any CPU
		{212B0C08-58B4-43E4-9CE3-401E5E3A9EC8}.Debug|Any CPU.ActiveCfg = Debug|Any CPU
		{212B0C08-58B4-43E4-9CE3-401E5E3A9EC8}.Debug|Any CPU.Build.0 = Debug|Any CPU
		{212B0C08-58B4-43E4-9CE3-401E5E3A9EC8}.Release|Any CPU.ActiveCfg = Release|Any CPU
		{212B0C08-58B4-43E4-9CE3-401E5E3A9EC8}.Release|Any CPU.Build.0 = Release|Any CPU
		{526CC549-ED07-4356-B7A5-1460ACB04641}.Debug|Any CPU.ActiveCfg = Debug|Any CPU
		{526CC549-ED07-4356-B7A5-1460ACB04641}.Debug|Any CPU.Build.0 = Debug|Any CPU
		{526CC549-ED07-4356-B7A5-1460ACB04641}.Release|Any CPU.ActiveCfg = Release|Any CPU
		{526CC549-ED07-4356-B7A5-1460ACB04641}.Release|Any CPU.Build.0 = Release|Any CPU
		{51A6F2C3-F444-4824-86D6-8F981561C5B6}.Debug|Any CPU.ActiveCfg = Debug|Any CPU
		{51A6F2C3-F444-4824-86D6-8F981561C5B6}.Debug|Any CPU.Build.0 = Debug|Any CPU
		{51A6F2C3-F444-4824-86D6-8F981561C5B6}.Release|Any CPU.ActiveCfg = Release|Any CPU
		{51A6F2C3-F444-4824-86D6-8F981561C5B6}.Release|Any CPU.Build.0 = Release|Any CPU
		{B77CD86C-6359-481D-9280-982DBE25CDD1}.Debug|Any CPU.ActiveCfg = Debug|Any CPU
		{B77CD86C-6359-481D-9280-982DBE25CDD1}.Debug|Any CPU.Build.0 = Debug|Any CPU
		{B77CD86C-6359-481D-9280-982DBE25CDD1}.Release|Any CPU.ActiveCfg = Release|Any CPU
		{B77CD86C-6359-481D-9280-982DBE25CDD1}.Release|Any CPU.Build.0 = Release|Any CPU
		{421523BC-5273-49E4-B76B-720B416FDFDF}.Debug|Any CPU.ActiveCfg = Debug|Any CPU
		{421523BC-5273-49E4-B76B-720B416FDFDF}.Debug|Any CPU.Build.0 = Debug|Any CPU
		{421523BC-5273-49E4-B76B-720B416FDFDF}.Release|Any CPU.ActiveCfg = Release|Any CPU
		{421523BC-5273-49E4-B76B-720B416FDFDF}.Release|Any CPU.Build.0 = Release|Any CPU
		{8329C49B-0F2F-4D22-990A-35CEE01C40BD}.Debug|Any CPU.ActiveCfg = Debug|Any CPU
		{8329C49B-0F2F-4D22-990A-35CEE01C40BD}.Debug|Any CPU.Build.0 = Debug|Any CPU
		{8329C49B-0F2F-4D22-990A-35CEE01C40BD}.Release|Any CPU.ActiveCfg = Release|Any CPU
		{8329C49B-0F2F-4D22-990A-35CEE01C40BD}.Release|Any CPU.Build.0 = Release|Any CPU
		{DF9BC8D2-B99E-4475-8F8D-2F70F33264B7}.Debug|Any CPU.ActiveCfg = Debug|Any CPU
		{DF9BC8D2-B99E-4475-8F8D-2F70F33264B7}.Debug|Any CPU.Build.0 = Debug|Any CPU
		{DF9BC8D2-B99E-4475-8F8D-2F70F33264B7}.Release|Any CPU.ActiveCfg = Release|Any CPU
		{DF9BC8D2-B99E-4475-8F8D-2F70F33264B7}.Release|Any CPU.Build.0 = Release|Any CPU
		{F03B6D8F-669D-45E4-A86A-50955CCF9506}.Debug|Any CPU.ActiveCfg = Debug|Any CPU
		{F03B6D8F-669D-45E4-A86A-50955CCF9506}.Debug|Any CPU.Build.0 = Debug|Any CPU
		{F03B6D8F-669D-45E4-A86A-50955CCF9506}.Release|Any CPU.ActiveCfg = Release|Any CPU
		{F03B6D8F-669D-45E4-A86A-50955CCF9506}.Release|Any CPU.Build.0 = Release|Any CPU
		{036EFF29-1106-4C4B-8D71-279E2B6CB348}.Debug|Any CPU.ActiveCfg = Debug|Any CPU
		{036EFF29-1106-4C4B-8D71-279E2B6CB348}.Debug|Any CPU.Build.0 = Debug|Any CPU
		{036EFF29-1106-4C4B-8D71-279E2B6CB348}.Release|Any CPU.ActiveCfg = Release|Any CPU
		{036EFF29-1106-4C4B-8D71-279E2B6CB348}.Release|Any CPU.Build.0 = Release|Any CPU
		{2F00BB8F-00B2-47CB-BF44-FF5FB987FB04}.Debug|Any CPU.ActiveCfg = Debug|Any CPU
		{2F00BB8F-00B2-47CB-BF44-FF5FB987FB04}.Debug|Any CPU.Build.0 = Debug|Any CPU
		{2F00BB8F-00B2-47CB-BF44-FF5FB987FB04}.Release|Any CPU.ActiveCfg = Release|Any CPU
		{2F00BB8F-00B2-47CB-BF44-FF5FB987FB04}.Release|Any CPU.Build.0 = Release|Any CPU
		{7A44B529-AC00-4699-968A-2A060BFA905F}.Debug|Any CPU.ActiveCfg = Debug|Any CPU
		{7A44B529-AC00-4699-968A-2A060BFA905F}.Debug|Any CPU.Build.0 = Debug|Any CPU
		{7A44B529-AC00-4699-968A-2A060BFA905F}.Release|Any CPU.ActiveCfg = Release|Any CPU
		{7A44B529-AC00-4699-968A-2A060BFA905F}.Release|Any CPU.Build.0 = Release|Any CPU
		{9A9744FA-2FDD-4004-B2A4-955A64C5845A}.Debug|Any CPU.ActiveCfg = Debug|Any CPU
		{9A9744FA-2FDD-4004-B2A4-955A64C5845A}.Debug|Any CPU.Build.0 = Debug|Any CPU
		{9A9744FA-2FDD-4004-B2A4-955A64C5845A}.Release|Any CPU.ActiveCfg = Release|Any CPU
		{9A9744FA-2FDD-4004-B2A4-955A64C5845A}.Release|Any CPU.Build.0 = Release|Any CPU
		{4272CC6F-A7BB-4A06-BFA6-576D0489848F}.Debug|Any CPU.ActiveCfg = Debug|Any CPU
		{4272CC6F-A7BB-4A06-BFA6-576D0489848F}.Debug|Any CPU.Build.0 = Debug|Any CPU
		{4272CC6F-A7BB-4A06-BFA6-576D0489848F}.Release|Any CPU.ActiveCfg = Release|Any CPU
		{4272CC6F-A7BB-4A06-BFA6-576D0489848F}.Release|Any CPU.Build.0 = Release|Any CPU
		{1E3D939D-15A5-4734-98BA-FF9E79018472}.Debug|Any CPU.ActiveCfg = Debug|Any CPU
		{1E3D939D-15A5-4734-98BA-FF9E79018472}.Debug|Any CPU.Build.0 = Debug|Any CPU
		{1E3D939D-15A5-4734-98BA-FF9E79018472}.Release|Any CPU.ActiveCfg = Release|Any CPU
		{1E3D939D-15A5-4734-98BA-FF9E79018472}.Release|Any CPU.Build.0 = Release|Any CPU
		{EA91D844-AF1C-4DA4-8310-941EC6B511DF}.Debug|Any CPU.ActiveCfg = Debug|Any CPU
		{EA91D844-AF1C-4DA4-8310-941EC6B511DF}.Debug|Any CPU.Build.0 = Debug|Any CPU
		{EA91D844-AF1C-4DA4-8310-941EC6B511DF}.Release|Any CPU.ActiveCfg = Release|Any CPU
		{EA91D844-AF1C-4DA4-8310-941EC6B511DF}.Release|Any CPU.Build.0 = Release|Any CPU
		{47C1F71A-95AC-4196-B724-09D17185CCDF}.Debug|Any CPU.ActiveCfg = Debug|Any CPU
		{47C1F71A-95AC-4196-B724-09D17185CCDF}.Debug|Any CPU.Build.0 = Debug|Any CPU
		{47C1F71A-95AC-4196-B724-09D17185CCDF}.Release|Any CPU.ActiveCfg = Release|Any CPU
		{47C1F71A-95AC-4196-B724-09D17185CCDF}.Release|Any CPU.Build.0 = Release|Any CPU
		{6030E6FF-E60D-4B38-94E9-C1D901DAFDC9}.Debug|Any CPU.ActiveCfg = Debug|Any CPU
		{6030E6FF-E60D-4B38-94E9-C1D901DAFDC9}.Debug|Any CPU.Build.0 = Debug|Any CPU
		{6030E6FF-E60D-4B38-94E9-C1D901DAFDC9}.Release|Any CPU.ActiveCfg = Release|Any CPU
		{6030E6FF-E60D-4B38-94E9-C1D901DAFDC9}.Release|Any CPU.Build.0 = Release|Any CPU
		{AEFC91C9-8FBD-4C37-BFEC-A69BD2AD905D}.Debug|Any CPU.ActiveCfg = Debug|Any CPU
		{AEFC91C9-8FBD-4C37-BFEC-A69BD2AD905D}.Debug|Any CPU.Build.0 = Debug|Any CPU
		{AEFC91C9-8FBD-4C37-BFEC-A69BD2AD905D}.Release|Any CPU.ActiveCfg = Release|Any CPU
		{AEFC91C9-8FBD-4C37-BFEC-A69BD2AD905D}.Release|Any CPU.Build.0 = Release|Any CPU
		{2904FE06-B2AB-4D58-89EA-E4CD5D5B03D8}.Debug|Any CPU.ActiveCfg = Debug|Any CPU
		{2904FE06-B2AB-4D58-89EA-E4CD5D5B03D8}.Debug|Any CPU.Build.0 = Debug|Any CPU
		{2904FE06-B2AB-4D58-89EA-E4CD5D5B03D8}.Release|Any CPU.ActiveCfg = Release|Any CPU
		{2904FE06-B2AB-4D58-89EA-E4CD5D5B03D8}.Release|Any CPU.Build.0 = Release|Any CPU
		{E6E5524A-8CB4-456B-8EA5-C8CF83309CD5}.Debug|Any CPU.ActiveCfg = Debug|Any CPU
		{E6E5524A-8CB4-456B-8EA5-C8CF83309CD5}.Debug|Any CPU.Build.0 = Debug|Any CPU
		{E6E5524A-8CB4-456B-8EA5-C8CF83309CD5}.Release|Any CPU.ActiveCfg = Release|Any CPU
		{E6E5524A-8CB4-456B-8EA5-C8CF83309CD5}.Release|Any CPU.Build.0 = Release|Any CPU
		{2E2FF4B4-A954-4B1A-8EC9-645285523997}.Debug|Any CPU.ActiveCfg = Debug|Any CPU
		{2E2FF4B4-A954-4B1A-8EC9-645285523997}.Debug|Any CPU.Build.0 = Debug|Any CPU
		{2E2FF4B4-A954-4B1A-8EC9-645285523997}.Release|Any CPU.ActiveCfg = Release|Any CPU
		{2E2FF4B4-A954-4B1A-8EC9-645285523997}.Release|Any CPU.Build.0 = Release|Any CPU
	EndGlobalSection
	GlobalSection(SolutionProperties) = preSolution
		HideSolutionNode = FALSE
	EndGlobalSection
	GlobalSection(ExtensibilityGlobals) = postSolution
		SolutionGuid = {08E5C23F-F310-47F4-BA49-19D22FF47BB6}
	EndGlobalSection
EndGlobal
